// !$*UTF8*$!
{
	archiveVersion = 1;
	classes = {
	};
	objectVersion = 56;
	objects = {

/* Begin PBXBuildFile section */
		A928E6952A0B279900BD85CD /* AppDelegate.swift in Sources */ = {isa = PBXBuildFile; fileRef = A928E6942A0B279900BD85CD /* AppDelegate.swift */; };
		A928E69E2A0B279B00BD85CD /* Assets.xcassets in Resources */ = {isa = PBXBuildFile; fileRef = A928E69D2A0B279B00BD85CD /* Assets.xcassets */; };
		A928E6A12A0B279B00BD85CD /* LaunchScreen.storyboard in Resources */ = {isa = PBXBuildFile; fileRef = A928E69F2A0B279B00BD85CD /* LaunchScreen.storyboard */; };
		A928E6A92A0B284500BD85CD /* GoogleService-Info.plist in Resources */ = {isa = PBXBuildFile; fileRef = A928E6A82A0B284500BD85CD /* GoogleService-Info.plist */; };
		A928E6AB2A0B28CA00BD85CD /* Constants.swift in Sources */ = {isa = PBXBuildFile; fileRef = A928E6AA2A0B28CA00BD85CD /* Constants.swift */; };
		A928E6AE2A0B29FF00BD85CD /* SyncLanguageVC.swift in Sources */ = {isa = PBXBuildFile; fileRef = A928E6AC2A0B29FF00BD85CD /* SyncLanguageVC.swift */; };
		A928E6AF2A0B29FF00BD85CD /* SyncLanguageVC.xib in Resources */ = {isa = PBXBuildFile; fileRef = A928E6AD2A0B29FF00BD85CD /* SyncLanguageVC.xib */; };
		A928E6B22A0B36B200BD85CD /* BBLocalizable.strings in Resources */ = {isa = PBXBuildFile; fileRef = A928E6B42A0B36B200BD85CD /* BBLocalizable.strings */; };
		A928E6BB2A0B379B00BD85CD /* MultilanguageModel.swift in Sources */ = {isa = PBXBuildFile; fileRef = A928E6BA2A0B379B00BD85CD /* MultilanguageModel.swift */; };
		A928E6BD2A0B38F200BD85CD /* MultilanguagePlistModel.swift in Sources */ = {isa = PBXBuildFile; fileRef = A928E6BC2A0B38F200BD85CD /* MultilanguagePlistModel.swift */; };
		A928E6C32A0B3D3B00BD85CD /* String+Extension.swift in Sources */ = {isa = PBXBuildFile; fileRef = A928E6C22A0B3D3B00BD85CD /* String+Extension.swift */; };
		A928E6CB2A0B9C7A00BD85CD /* Array+Extension.swift in Sources */ = {isa = PBXBuildFile; fileRef = A928E6CA2A0B9C7A00BD85CD /* Array+Extension.swift */; };
		EE4309605DD68FB9A8019FCF /* Pods_SyncMultilanguageIOS.framework in Frameworks */ = {isa = PBXBuildFile; fileRef = F0703EB81F68F6140700144F /* Pods_SyncMultilanguageIOS.framework */; };
/* End PBXBuildFile section */

/* Begin PBXCopyFilesBuildPhase section */
		A928E6D02A0C950A00BD85CD /* Embed Frameworks */ = {
			isa = PBXCopyFilesBuildPhase;
			buildActionMask = 2147483647;
			dstPath = "";
			dstSubfolderSpec = 10;
			files = (
			);
			name = "Embed Frameworks";
			runOnlyForDeploymentPostprocessing = 0;
		};
/* End PBXCopyFilesBuildPhase section */

/* Begin PBXFileReference section */
		1E3B539B5CF75BC1EF3826E7 /* Pods-SyncMultilanguageIOS.debug.xcconfig */ = {isa = PBXFileReference; includeInIndex = 1; lastKnownFileType = text.xcconfig; name = "Pods-SyncMultilanguageIOS.debug.xcconfig"; path = "Target Support Files/Pods-SyncMultilanguageIOS/Pods-SyncMultilanguageIOS.debug.xcconfig"; sourceTree = "<group>"; };
		3D018BA99648F69E0AA40C9D /* Pods-SyncMultilanguageIOS.release.xcconfig */ = {isa = PBXFileReference; includeInIndex = 1; lastKnownFileType = text.xcconfig; name = "Pods-SyncMultilanguageIOS.release.xcconfig"; path = "Target Support Files/Pods-SyncMultilanguageIOS/Pods-SyncMultilanguageIOS.release.xcconfig"; sourceTree = "<group>"; };
		A928E6912A0B279900BD85CD /* SyncMultilanguageIOS.app */ = {isa = PBXFileReference; explicitFileType = wrapper.application; includeInIndex = 0; path = SyncMultilanguageIOS.app; sourceTree = BUILT_PRODUCTS_DIR; };
		A928E6942A0B279900BD85CD /* AppDelegate.swift */ = {isa = PBXFileReference; lastKnownFileType = sourcecode.swift; path = AppDelegate.swift; sourceTree = "<group>"; };
		A928E69D2A0B279B00BD85CD /* Assets.xcassets */ = {isa = PBXFileReference; lastKnownFileType = folder.assetcatalog; path = Assets.xcassets; sourceTree = "<group>"; };
		A928E6A02A0B279B00BD85CD /* Base */ = {isa = PBXFileReference; lastKnownFileType = file.storyboard; name = Base; path = Base.lproj/LaunchScreen.storyboard; sourceTree = "<group>"; };
		A928E6A22A0B279B00BD85CD /* Info.plist */ = {isa = PBXFileReference; lastKnownFileType = text.plist.xml; path = Info.plist; sourceTree = "<group>"; };
		A928E6A82A0B284500BD85CD /* GoogleService-Info.plist */ = {isa = PBXFileReference; fileEncoding = 4; lastKnownFileType = text.plist.xml; path = "GoogleService-Info.plist"; sourceTree = "<group>"; };
		A928E6AA2A0B28CA00BD85CD /* Constants.swift */ = {isa = PBXFileReference; lastKnownFileType = sourcecode.swift; path = Constants.swift; sourceTree = "<group>"; };
		A928E6AC2A0B29FF00BD85CD /* SyncLanguageVC.swift */ = {isa = PBXFileReference; lastKnownFileType = sourcecode.swift; path = SyncLanguageVC.swift; sourceTree = "<group>"; };
		A928E6AD2A0B29FF00BD85CD /* SyncLanguageVC.xib */ = {isa = PBXFileReference; lastKnownFileType = file.xib; path = SyncLanguageVC.xib; sourceTree = "<group>"; };
		A928E6B32A0B36B200BD85CD /* en */ = {isa = PBXFileReference; explicitFileType = text; name = en; path = en.lproj/BBLocalizable.strings; sourceTree = "<group>"; };
		A928E6B62A0B36E000BD85CD /* vi */ = {isa = PBXFileReference; lastKnownFileType = text.plist.strings; name = vi; path = vi.lproj/LaunchScreen.strings; sourceTree = "<group>"; };
		A928E6B72A0B36E100BD85CD /* vi */ = {isa = PBXFileReference; explicitFileType = text; name = vi; path = vi.lproj/BBLocalizable.strings; sourceTree = "<group>"; };
		A928E6B82A0B371500BD85CD /* th */ = {isa = PBXFileReference; lastKnownFileType = text.plist.strings; name = th; path = th.lproj/LaunchScreen.strings; sourceTree = "<group>"; };
		A928E6B92A0B371500BD85CD /* th */ = {isa = PBXFileReference; explicitFileType = text; name = th; path = th.lproj/BBLocalizable.strings; sourceTree = "<group>"; };
		A928E6BA2A0B379B00BD85CD /* MultilanguageModel.swift */ = {isa = PBXFileReference; lastKnownFileType = sourcecode.swift; path = MultilanguageModel.swift; sourceTree = "<group>"; };
		A928E6BC2A0B38F200BD85CD /* MultilanguagePlistModel.swift */ = {isa = PBXFileReference; lastKnownFileType = sourcecode.swift; path = MultilanguagePlistModel.swift; sourceTree = "<group>"; };
		A928E6BE2A0B3B5900BD85CD /* zh-Hans */ = {isa = PBXFileReference; lastKnownFileType = text.plist.strings; name = "zh-Hans"; path = "zh-Hans.lproj/LaunchScreen.strings"; sourceTree = "<group>"; };
		A928E6BF2A0B3B5A00BD85CD /* zh-Hans */ = {isa = PBXFileReference; explicitFileType = text; name = "zh-Hans"; path = "zh-Hans.lproj/BBLocalizable.strings"; sourceTree = "<group>"; };
		A928E6C02A0B3B5E00BD85CD /* zh-Hant */ = {isa = PBXFileReference; lastKnownFileType = text.plist.strings; name = "zh-Hant"; path = "zh-Hant.lproj/LaunchScreen.strings"; sourceTree = "<group>"; };
		A928E6C12A0B3B5F00BD85CD /* zh-Hant */ = {isa = PBXFileReference; explicitFileType = text; name = "zh-Hant"; path = "zh-Hant.lproj/BBLocalizable.strings"; sourceTree = "<group>"; };
		A928E6C22A0B3D3B00BD85CD /* String+Extension.swift */ = {isa = PBXFileReference; lastKnownFileType = sourcecode.swift; path = "String+Extension.swift"; sourceTree = "<group>"; };
		A928E6CA2A0B9C7A00BD85CD /* Array+Extension.swift */ = {isa = PBXFileReference; lastKnownFileType = sourcecode.swift; path = "Array+Extension.swift"; sourceTree = "<group>"; };
		A928E6D12A0C952B00BD85CD /* SyncMultilanguageIOS.entitlements */ = {isa = PBXFileReference; lastKnownFileType = text.plist.entitlements; path = SyncMultilanguageIOS.entitlements; sourceTree = "<group>"; };
		F0703EB81F68F6140700144F /* Pods_SyncMultilanguageIOS.framework */ = {isa = PBXFileReference; explicitFileType = wrapper.framework; includeInIndex = 0; path = Pods_SyncMultilanguageIOS.framework; sourceTree = BUILT_PRODUCTS_DIR; };
/* End PBXFileReference section */

/* Begin PBXFrameworksBuildPhase section */
		A928E68E2A0B279900BD85CD /* Frameworks */ = {
			isa = PBXFrameworksBuildPhase;
			buildActionMask = 2147483647;
			files = (
				EE4309605DD68FB9A8019FCF /* Pods_SyncMultilanguageIOS.framework in Frameworks */,
			);
			runOnlyForDeploymentPostprocessing = 0;
		};
/* End PBXFrameworksBuildPhase section */

/* Begin PBXGroup section */
		9E8CBE8711B5DBC043AF48A3 /* Pods */ = {
			isa = PBXGroup;
			children = (
				1E3B539B5CF75BC1EF3826E7 /* Pods-SyncMultilanguageIOS.debug.xcconfig */,
				3D018BA99648F69E0AA40C9D /* Pods-SyncMultilanguageIOS.release.xcconfig */,
			);
			path = Pods;
			sourceTree = "<group>";
		};
		A928E6882A0B279900BD85CD = {
			isa = PBXGroup;
			children = (
				A928E6932A0B279900BD85CD /* SyncMultilanguageIOS */,
				A928E6922A0B279900BD85CD /* Products */,
				9E8CBE8711B5DBC043AF48A3 /* Pods */,
				E23CCA8A3FB5440131D9F2E5 /* Frameworks */,
			);
			sourceTree = "<group>";
		};
		A928E6922A0B279900BD85CD /* Products */ = {
			isa = PBXGroup;
			children = (
				A928E6912A0B279900BD85CD /* SyncMultilanguageIOS.app */,
			);
			name = Products;
			sourceTree = "<group>";
		};
		A928E6932A0B279900BD85CD /* SyncMultilanguageIOS */ = {
			isa = PBXGroup;
			children = (
				A928E6D12A0C952B00BD85CD /* SyncMultilanguageIOS.entitlements */,
				A928E6942A0B279900BD85CD /* AppDelegate.swift */,
				A928E69D2A0B279B00BD85CD /* Assets.xcassets */,
				A928E69F2A0B279B00BD85CD /* LaunchScreen.storyboard */,
				A928E6A82A0B284500BD85CD /* GoogleService-Info.plist */,
				A928E6A22A0B279B00BD85CD /* Info.plist */,
				A928E6AA2A0B28CA00BD85CD /* Constants.swift */,
				A928E6AC2A0B29FF00BD85CD /* SyncLanguageVC.swift */,
				A928E6AD2A0B29FF00BD85CD /* SyncLanguageVC.xib */,
				A928E6B42A0B36B200BD85CD /* BBLocalizable.strings */,
				A928E6BA2A0B379B00BD85CD /* MultilanguageModel.swift */,
				A928E6BC2A0B38F200BD85CD /* MultilanguagePlistModel.swift */,
				A928E6C22A0B3D3B00BD85CD /* String+Extension.swift */,
				A928E6CA2A0B9C7A00BD85CD /* Array+Extension.swift */,
			);
			path = SyncMultilanguageIOS;
			sourceTree = "<group>";
		};
		E23CCA8A3FB5440131D9F2E5 /* Frameworks */ = {
			isa = PBXGroup;
			children = (
				F0703EB81F68F6140700144F /* Pods_SyncMultilanguageIOS.framework */,
			);
			name = Frameworks;
			sourceTree = "<group>";
		};
/* End PBXGroup section */

/* Begin PBXNativeTarget section */
		A928E6902A0B279900BD85CD /* SyncMultilanguageIOS */ = {
			isa = PBXNativeTarget;
			buildConfigurationList = A928E6A52A0B279B00BD85CD /* Build configuration list for PBXNativeTarget "SyncMultilanguageIOS" */;
			buildPhases = (
				A5F0D6D27ACA54C7CCDF2ACF /* [CP] Check Pods Manifest.lock */,
				A928E68D2A0B279900BD85CD /* Sources */,
				A928E68E2A0B279900BD85CD /* Frameworks */,
				A928E68F2A0B279900BD85CD /* Resources */,
				F995DE97695EDCA3CB478F16 /* [CP] Embed Pods Frameworks */,
				A928E6D02A0C950A00BD85CD /* Embed Frameworks */,
			);
			buildRules = (
			);
			dependencies = (
			);
			name = SyncMultilanguageIOS;
			productName = SyncMultilanguageIOS;
			productReference = A928E6912A0B279900BD85CD /* SyncMultilanguageIOS.app */;
			productType = "com.apple.product-type.application";
		};
/* End PBXNativeTarget section */

/* Begin PBXProject section */
		A928E6892A0B279900BD85CD /* Project object */ = {
			isa = PBXProject;
			attributes = {
				BuildIndependentTargetsInParallel = 1;
				LastSwiftUpdateCheck = 1430;
				LastUpgradeCheck = 1430;
				TargetAttributes = {
					A928E6902A0B279900BD85CD = {
						CreatedOnToolsVersion = 14.3;
					};
				};
			};
			buildConfigurationList = A928E68C2A0B279900BD85CD /* Build configuration list for PBXProject "SyncMultilanguageIOS" */;
			compatibilityVersion = "Xcode 14.0";
			developmentRegion = en;
			hasScannedForEncodings = 0;
			knownRegions = (
				en,
				Base,
				vi,
				th,
				"zh-Hans",
				"zh-Hant",
			);
			mainGroup = A928E6882A0B279900BD85CD;
			productRefGroup = A928E6922A0B279900BD85CD /* Products */;
			projectDirPath = "";
			projectRoot = "";
			targets = (
				A928E6902A0B279900BD85CD /* SyncMultilanguageIOS */,
			);
		};
/* End PBXProject section */

/* Begin PBXResourcesBuildPhase section */
		A928E68F2A0B279900BD85CD /* Resources */ = {
			isa = PBXResourcesBuildPhase;
			buildActionMask = 2147483647;
			files = (
				A928E6A12A0B279B00BD85CD /* LaunchScreen.storyboard in Resources */,
				A928E6A92A0B284500BD85CD /* GoogleService-Info.plist in Resources */,
				A928E69E2A0B279B00BD85CD /* Assets.xcassets in Resources */,
				A928E6B22A0B36B200BD85CD /* BBLocalizable.strings in Resources */,
				A928E6AF2A0B29FF00BD85CD /* SyncLanguageVC.xib in Resources */,
			);
			runOnlyForDeploymentPostprocessing = 0;
		};
/* End PBXResourcesBuildPhase section */

/* Begin PBXShellScriptBuildPhase section */
		A5F0D6D27ACA54C7CCDF2ACF /* [CP] Check Pods Manifest.lock */ = {
			isa = PBXShellScriptBuildPhase;
			buildActionMask = 2147483647;
			files = (
			);
			inputFileListPaths = (
			);
			inputPaths = (
				"${PODS_PODFILE_DIR_PATH}/Podfile.lock",
				"${PODS_ROOT}/Manifest.lock",
			);
			name = "[CP] Check Pods Manifest.lock";
			outputFileListPaths = (
			);
			outputPaths = (
				"$(DERIVED_FILE_DIR)/Pods-SyncMultilanguageIOS-checkManifestLockResult.txt",
			);
			runOnlyForDeploymentPostprocessing = 0;
			shellPath = /bin/sh;
			shellScript = "diff \"${PODS_PODFILE_DIR_PATH}/Podfile.lock\" \"${PODS_ROOT}/Manifest.lock\" > /dev/null\nif [ $? != 0 ] ; then\n    # print error to STDERR\n    echo \"error: The sandbox is not in sync with the Podfile.lock. Run 'pod install' or update your CocoaPods installation.\" >&2\n    exit 1\nfi\n# This output is used by Xcode 'outputs' to avoid re-running this script phase.\necho \"SUCCESS\" > \"${SCRIPT_OUTPUT_FILE_0}\"\n";
			showEnvVarsInLog = 0;
		};
		F995DE97695EDCA3CB478F16 /* [CP] Embed Pods Frameworks */ = {
			isa = PBXShellScriptBuildPhase;
			buildActionMask = 2147483647;
			files = (
			);
			inputFileListPaths = (
				"${PODS_ROOT}/Target Support Files/Pods-SyncMultilanguageIOS/Pods-SyncMultilanguageIOS-frameworks-${CONFIGURATION}-input-files.xcfilelist",
			);
			name = "[CP] Embed Pods Frameworks";
			outputFileListPaths = (
				"${PODS_ROOT}/Target Support Files/Pods-SyncMultilanguageIOS/Pods-SyncMultilanguageIOS-frameworks-${CONFIGURATION}-output-files.xcfilelist",
			);
			runOnlyForDeploymentPostprocessing = 0;
			shellPath = /bin/sh;
			shellScript = "\"${PODS_ROOT}/Target Support Files/Pods-SyncMultilanguageIOS/Pods-SyncMultilanguageIOS-frameworks.sh\"\n";
			showEnvVarsInLog = 0;
		};
/* End PBXShellScriptBuildPhase section */

/* Begin PBXSourcesBuildPhase section */
		A928E68D2A0B279900BD85CD /* Sources */ = {
			isa = PBXSourcesBuildPhase;
			buildActionMask = 2147483647;
			files = (
				A928E6952A0B279900BD85CD /* AppDelegate.swift in Sources */,
				A928E6BD2A0B38F200BD85CD /* MultilanguagePlistModel.swift in Sources */,
				A928E6BB2A0B379B00BD85CD /* MultilanguageModel.swift in Sources */,
				A928E6AE2A0B29FF00BD85CD /* SyncLanguageVC.swift in Sources */,
				A928E6CB2A0B9C7A00BD85CD /* Array+Extension.swift in Sources */,
				A928E6C32A0B3D3B00BD85CD /* String+Extension.swift in Sources */,
				A928E6AB2A0B28CA00BD85CD /* Constants.swift in Sources */,
			);
			runOnlyForDeploymentPostprocessing = 0;
		};
/* End PBXSourcesBuildPhase section */

/* Begin PBXVariantGroup section */
		A928E69F2A0B279B00BD85CD /* LaunchScreen.storyboard */ = {
			isa = PBXVariantGroup;
			children = (
				A928E6A02A0B279B00BD85CD /* Base */,
				A928E6B62A0B36E000BD85CD /* vi */,
				A928E6B82A0B371500BD85CD /* th */,
				A928E6BE2A0B3B5900BD85CD /* zh-Hans */,
				A928E6C02A0B3B5E00BD85CD /* zh-Hant */,
			);
			name = LaunchScreen.storyboard;
			sourceTree = "<group>";
		};
		A928E6B42A0B36B200BD85CD /* BBLocalizable.strings */ = {
			isa = PBXVariantGroup;
			children = (
				A928E6B32A0B36B200BD85CD /* en */,
				A928E6B72A0B36E100BD85CD /* vi */,
				A928E6B92A0B371500BD85CD /* th */,
				A928E6BF2A0B3B5A00BD85CD /* zh-Hans */,
				A928E6C12A0B3B5F00BD85CD /* zh-Hant */,
			);
			name = BBLocalizable.strings;
			sourceTree = "<group>";
		};
/* End PBXVariantGroup section */

/* Begin XCBuildConfiguration section */
		A928E6A32A0B279B00BD85CD /* Debug */ = {
			isa = XCBuildConfiguration;
			buildSettings = {
				ALWAYS_SEARCH_USER_PATHS = NO;
				CLANG_ANALYZER_LOCALIZABILITY_NONLOCALIZED = YES;
				CLANG_ANALYZER_NONNULL = YES;
				CLANG_ANALYZER_NUMBER_OBJECT_CONVERSION = YES_AGGRESSIVE;
				CLANG_CXX_LANGUAGE_STANDARD = "gnu++20";
				CLANG_ENABLE_MODULES = YES;
				CLANG_ENABLE_OBJC_ARC = YES;
				CLANG_ENABLE_OBJC_WEAK = YES;
				CLANG_WARN_BLOCK_CAPTURE_AUTORELEASING = YES;
				CLANG_WARN_BOOL_CONVERSION = YES;
				CLANG_WARN_COMMA = YES;
				CLANG_WARN_CONSTANT_CONVERSION = YES;
				CLANG_WARN_DEPRECATED_OBJC_IMPLEMENTATIONS = YES;
				CLANG_WARN_DIRECT_OBJC_ISA_USAGE = YES_ERROR;
				CLANG_WARN_DOCUMENTATION_COMMENTS = YES;
				CLANG_WARN_EMPTY_BODY = YES;
				CLANG_WARN_ENUM_CONVERSION = YES;
				CLANG_WARN_INFINITE_RECURSION = YES;
				CLANG_WARN_INT_CONVERSION = YES;
				CLANG_WARN_NON_LITERAL_NULL_CONVERSION = YES;
				CLANG_WARN_OBJC_IMPLICIT_RETAIN_SELF = YES;
				CLANG_WARN_OBJC_LITERAL_CONVERSION = YES;
				CLANG_WARN_OBJC_ROOT_CLASS = YES_ERROR;
				CLANG_WARN_QUOTED_INCLUDE_IN_FRAMEWORK_HEADER = YES;
				CLANG_WARN_RANGE_LOOP_ANALYSIS = YES;
				CLANG_WARN_STRICT_PROTOTYPES = YES;
				CLANG_WARN_SUSPICIOUS_MOVE = YES;
				CLANG_WARN_UNGUARDED_AVAILABILITY = YES_AGGRESSIVE;
				CLANG_WARN_UNREACHABLE_CODE = YES;
				CLANG_WARN__DUPLICATE_METHOD_MATCH = YES;
				COPY_PHASE_STRIP = NO;
				DEBUG_INFORMATION_FORMAT = dwarf;
				ENABLE_STRICT_OBJC_MSGSEND = YES;
				ENABLE_TESTABILITY = YES;
				GCC_C_LANGUAGE_STANDARD = gnu11;
				GCC_DYNAMIC_NO_PIC = NO;
				GCC_NO_COMMON_BLOCKS = YES;
				GCC_OPTIMIZATION_LEVEL = 0;
				GCC_PREPROCESSOR_DEFINITIONS = (
					"DEBUG=1",
					"$(inherited)",
				);
				GCC_WARN_64_TO_32_BIT_CONVERSION = YES;
				GCC_WARN_ABOUT_RETURN_TYPE = YES_ERROR;
				GCC_WARN_UNDECLARED_SELECTOR = YES;
				GCC_WARN_UNINITIALIZED_AUTOS = YES_AGGRESSIVE;
				GCC_WARN_UNUSED_FUNCTION = YES;
				GCC_WARN_UNUSED_VARIABLE = YES;
				IPHONEOS_DEPLOYMENT_TARGET = 16.4;
				MTL_ENABLE_DEBUG_INFO = INCLUDE_SOURCE;
				MTL_FAST_MATH = YES;
				ONLY_ACTIVE_ARCH = YES;
				SDKROOT = iphoneos;
				SWIFT_ACTIVE_COMPILATION_CONDITIONS = DEBUG;
				SWIFT_OPTIMIZATION_LEVEL = "-Onone";
			};
			name = Debug;
		};
		A928E6A42A0B279B00BD85CD /* Release */ = {
			isa = XCBuildConfiguration;
			buildSettings = {
				ALWAYS_SEARCH_USER_PATHS = NO;
				CLANG_ANALYZER_LOCALIZABILITY_NONLOCALIZED = YES;
				CLANG_ANALYZER_NONNULL = YES;
				CLANG_ANALYZER_NUMBER_OBJECT_CONVERSION = YES_AGGRESSIVE;
				CLANG_CXX_LANGUAGE_STANDARD = "gnu++20";
				CLANG_ENABLE_MODULES = YES;
				CLANG_ENABLE_OBJC_ARC = YES;
				CLANG_ENABLE_OBJC_WEAK = YES;
				CLANG_WARN_BLOCK_CAPTURE_AUTORELEASING = YES;
				CLANG_WARN_BOOL_CONVERSION = YES;
				CLANG_WARN_COMMA = YES;
				CLANG_WARN_CONSTANT_CONVERSION = YES;
				CLANG_WARN_DEPRECATED_OBJC_IMPLEMENTATIONS = YES;
				CLANG_WARN_DIRECT_OBJC_ISA_USAGE = YES_ERROR;
				CLANG_WARN_DOCUMENTATION_COMMENTS = YES;
				CLANG_WARN_EMPTY_BODY = YES;
				CLANG_WARN_ENUM_CONVERSION = YES;
				CLANG_WARN_INFINITE_RECURSION = YES;
				CLANG_WARN_INT_CONVERSION = YES;
				CLANG_WARN_NON_LITERAL_NULL_CONVERSION = YES;
				CLANG_WARN_OBJC_IMPLICIT_RETAIN_SELF = YES;
				CLANG_WARN_OBJC_LITERAL_CONVERSION = YES;
				CLANG_WARN_OBJC_ROOT_CLASS = YES_ERROR;
				CLANG_WARN_QUOTED_INCLUDE_IN_FRAMEWORK_HEADER = YES;
				CLANG_WARN_RANGE_LOOP_ANALYSIS = YES;
				CLANG_WARN_STRICT_PROTOTYPES = YES;
				CLANG_WARN_SUSPICIOUS_MOVE = YES;
				CLANG_WARN_UNGUARDED_AVAILABILITY = YES_AGGRESSIVE;
				CLANG_WARN_UNREACHABLE_CODE = YES;
				CLANG_WARN__DUPLICATE_METHOD_MATCH = YES;
				COPY_PHASE_STRIP = NO;
				DEBUG_INFORMATION_FORMAT = "dwarf-with-dsym";
				ENABLE_NS_ASSERTIONS = NO;
				ENABLE_STRICT_OBJC_MSGSEND = YES;
				GCC_C_LANGUAGE_STANDARD = gnu11;
				GCC_NO_COMMON_BLOCKS = YES;
				GCC_WARN_64_TO_32_BIT_CONVERSION = YES;
				GCC_WARN_ABOUT_RETURN_TYPE = YES_ERROR;
				GCC_WARN_UNDECLARED_SELECTOR = YES;
				GCC_WARN_UNINITIALIZED_AUTOS = YES_AGGRESSIVE;
				GCC_WARN_UNUSED_FUNCTION = YES;
				GCC_WARN_UNUSED_VARIABLE = YES;
				IPHONEOS_DEPLOYMENT_TARGET = 16.4;
				MTL_ENABLE_DEBUG_INFO = NO;
				MTL_FAST_MATH = YES;
				SDKROOT = iphoneos;
				SWIFT_COMPILATION_MODE = wholemodule;
				SWIFT_OPTIMIZATION_LEVEL = "-O";
				VALIDATE_PRODUCT = YES;
			};
			name = Release;
		};
		A928E6A62A0B279B00BD85CD /* Debug */ = {
			isa = XCBuildConfiguration;
			baseConfigurationReference = 1E3B539B5CF75BC1EF3826E7 /* Pods-SyncMultilanguageIOS.debug.xcconfig */;
			buildSettings = {
				ASSETCATALOG_COMPILER_APPICON_NAME = AppIcon;
				ASSETCATALOG_COMPILER_GLOBAL_ACCENT_COLOR_NAME = AccentColor;
				CODE_SIGN_ENTITLEMENTS = SyncMultilanguageIOS/SyncMultilanguageIOS.entitlements;
				CODE_SIGN_STYLE = Automatic;
				CURRENT_PROJECT_VERSION = 8;
				DEVELOPMENT_TEAM = N5J9CB2NJD;
				FRAMEWORK_SEARCH_PATHS = (
					"$(inherited)",
					"$(PROJECT_DIR)/SyncMultilanguageIOS",
				);
				GENERATE_INFOPLIST_FILE = YES;
				INFOPLIST_FILE = SyncMultilanguageIOS/Info.plist;
				INFOPLIST_KEY_CFBundleDisplayName = "Sync Language";
				INFOPLIST_KEY_UIApplicationSupportsIndirectInputEvents = YES;
				INFOPLIST_KEY_UILaunchStoryboardName = LaunchScreen;
				INFOPLIST_KEY_UIMainStoryboardFile = "";
				INFOPLIST_KEY_UISupportedInterfaceOrientations_iPad = "UIInterfaceOrientationPortrait UIInterfaceOrientationPortraitUpsideDown UIInterfaceOrientationLandscapeLeft UIInterfaceOrientationLandscapeRight";
				INFOPLIST_KEY_UISupportedInterfaceOrientations_iPhone = "UIInterfaceOrientationPortrait UIInterfaceOrientationLandscapeLeft UIInterfaceOrientationLandscapeRight";
				IPHONEOS_DEPLOYMENT_TARGET = 14.0;
				LD_RUNPATH_SEARCH_PATHS = (
					"$(inherited)",
					"@executable_path/Frameworks",
				);
				MARKETING_VERSION = 1.0;
				PRODUCT_BUNDLE_IDENTIFIER = com.smo.synclanguage1;
				PRODUCT_NAME = "$(TARGET_NAME)";
				SWIFT_EMIT_LOC_STRINGS = YES;
				SWIFT_VERSION = 5.0;
				TARGETED_DEVICE_FAMILY = "1,2";
			};
			name = Debug;
		};
		A928E6A72A0B279B00BD85CD /* Release */ = {
			isa = XCBuildConfiguration;
			baseConfigurationReference = 3D018BA99648F69E0AA40C9D /* Pods-SyncMultilanguageIOS.release.xcconfig */;
			buildSettings = {
				ASSETCATALOG_COMPILER_APPICON_NAME = AppIcon;
				ASSETCATALOG_COMPILER_GLOBAL_ACCENT_COLOR_NAME = AccentColor;
				CODE_SIGN_ENTITLEMENTS = SyncMultilanguageIOS/SyncMultilanguageIOS.entitlements;
				CODE_SIGN_STYLE = Automatic;
				CURRENT_PROJECT_VERSION = 8;
				DEVELOPMENT_TEAM = N5J9CB2NJD;
				FRAMEWORK_SEARCH_PATHS = (
					"$(inherited)",
					"$(PROJECT_DIR)/SyncMultilanguageIOS",
				);
				GENERATE_INFOPLIST_FILE = YES;
				INFOPLIST_FILE = SyncMultilanguageIOS/Info.plist;
				INFOPLIST_KEY_CFBundleDisplayName = "Sync Language";
				INFOPLIST_KEY_UIApplicationSupportsIndirectInputEvents = YES;
				INFOPLIST_KEY_UILaunchStoryboardName = LaunchScreen;
				INFOPLIST_KEY_UIMainStoryboardFile = "";
				INFOPLIST_KEY_UISupportedInterfaceOrientations_iPad = "UIInterfaceOrientationPortrait UIInterfaceOrientationPortraitUpsideDown UIInterfaceOrientationLandscapeLeft UIInterfaceOrientationLandscapeRight";
				INFOPLIST_KEY_UISupportedInterfaceOrientations_iPhone = "UIInterfaceOrientationPortrait UIInterfaceOrientationLandscapeLeft UIInterfaceOrientationLandscapeRight";
				IPHONEOS_DEPLOYMENT_TARGET = 14.0;
				LD_RUNPATH_SEARCH_PATHS = (
					"$(inherited)",
					"@executable_path/Frameworks",
				);
				MARKETING_VERSION = 1.0;
				PRODUCT_BUNDLE_IDENTIFIER = com.smo.synclanguage1;
				PRODUCT_NAME = "$(TARGET_NAME)";
				SWIFT_EMIT_LOC_STRINGS = YES;
				SWIFT_VERSION = 5.0;
				TARGETED_DEVICE_FAMILY = "1,2";
			};
			name = Release;
		};
/* End XCBuildConfiguration section */

/* Begin XCConfigurationList section */
		A928E68C2A0B279900BD85CD /* Build configuration list for PBXProject "SyncMultilanguageIOS" */ = {
			isa = XCConfigurationList;
			buildConfigurations = (
				A928E6A32A0B279B00BD85CD /* Debug */,
				A928E6A42A0B279B00BD85CD /* Release */,
			);
			defaultConfigurationIsVisible = 0;
			defaultConfigurationName = Release;
		};
		A928E6A52A0B279B00BD85CD /* Build configuration list for PBXNativeTarget "SyncMultilanguageIOS" */ = {
			isa = XCConfigurationList;
			buildConfigurations = (
				A928E6A62A0B279B00BD85CD /* Debug */,
				A928E6A72A0B279B00BD85CD /* Release */,
			);
			defaultConfigurationIsVisible = 0;
			defaultConfigurationName = Release;
		};
/* End XCConfigurationList section */
	};
	rootObject = A928E6892A0B279900BD85CD /* Project object */;
}
